
Microsoft Visual Studio Solution File, Format Version 12.00
# Visual Studio Version 17
VisualStudioVersion = 17.7.34024.191
MinimumVisualStudioVersion = 10.0.40219.1
Project("{FAE04EC0-301F-11D3-BF4B-00C04F79EFBC}") = "HangMan", "HangMan.csproj", "{A269031F-4931-41CA-BAC1-7DC140CF84B2}"
EndProject
Global
	GlobalSection(SolutionConfigurationPlatforms) = preSolution
		Debug|Any CPU = Debug|Any CPU
		Release|Any CPU = Release|Any CPU
	EndGlobalSection
	GlobalSection(ProjectConfigurationPlatforms) = postSolution
		{A269031F-4931-41CA-BAC1-7DC140CF84B2}.Debug|Any CPU.ActiveCfg = Debug|Any CPU
		{A269031F-4931-41CA-BAC1-7DC140CF84B2}.Debug|Any CPU.Build.0 = Debug|Any CPU
		{A269031F-4931-41CA-BAC1-7DC140CF84B2}.Release|Any CPU.ActiveCfg = Release|Any CPU
		{A269031F-4931-41CA-BAC1-7DC140CF84B2}.Release|Any CPU.Build.0 = Release|Any CPU
	EndGlobalSection
	GlobalSection(SolutionProperties) = preSolution
		HideSolutionNode = FALSE
	EndGlobalSection
	GlobalSection(ExtensibilityGlobals) = postSolution
		SolutionGuid = {37C99B2D-D25F-46D8-B40C-ABC8FAA4A8BD}
	EndGlobalSection
EndGlobal
